
Microsoft Visual Studio Solution File, Format Version 12.00
# Visual Studio Version 17
VisualStudioVersion = 17.4.33122.133
MinimumVisualStudioVersion = 10.0.40219.1
Project("{FAE04EC0-301F-11D3-BF4B-00C04F79EFBC}") = "Magic_Villa", "Magic_Villa\Magic_Villa.csproj", "{DFFDFEAD-8A87-4669-ABD1-1C5E0908313B}"
EndProject
Global
	GlobalSection(SolutionConfigurationPlatforms) = preSolution
		Debug|Any CPU = Debug|Any CPU
		Release|Any CPU = Release|Any CPU
	EndGlobalSection
	GlobalSection(ProjectConfigurationPlatforms) = postSolution
		{DFFDFEAD-8A87-4669-ABD1-1C5E0908313B}.Debug|Any CPU.ActiveCfg = Debug|Any CPU
		{DFFDFEAD-8A87-4669-ABD1-1C5E0908313B}.Debug|Any CPU.Build.0 = Debug|Any CPU
		{DFFDFEAD-8A87-4669-ABD1-1C5E0908313B}.Release|Any CPU.ActiveCfg = Release|Any CPU
		{DFFDFEAD-8A87-4669-ABD1-1C5E0908313B}.Release|Any CPU.Build.0 = Release|Any CPU
	EndGlobalSection
	GlobalSection(SolutionProperties) = preSolution
		HideSolutionNode = FALSE
	EndGlobalSection
	GlobalSection(ExtensibilityGlobals) = postSolution
		SolutionGuid = {0097A836-1D10-4A56-8BC9-3D2393DCC26D}
	EndGlobalSection
EndGlobal
